
Microsoft Visual Studio Solution File, Format Version 12.00
# Visual Studio 14
VisualStudioVersion = 14.0.23107.0
MinimumVisualStudioVersion = 10.0.40219.1
Project("{FAE04EC0-301F-11D3-BF4B-00C04F79EFBC}") = "Exercise1.2", "Exercise1.2\Exercise1.2.csproj", "{9B82AD5A-EC65-4741-8D45-6554F2575F32}"
EndProject
Global
	GlobalSection(SolutionConfigurationPlatforms) = preSolution
		Debug|Any CPU = Debug|Any CPU
		Release|Any CPU = Release|Any CPU
	EndGlobalSection
	GlobalSection(ProjectConfigurationPlatforms) = postSolution
		{9B82AD5A-EC65-4741-8D45-6554F2575F32}.Debug|Any CPU.ActiveCfg = Debug|Any CPU
		{9B82AD5A-EC65-4741-8D45-6554F2575F32}.Debug|Any CPU.Build.0 = Debug|Any CPU
		{9B82AD5A-EC65-4741-8D45-6554F2575F32}.Release|Any CPU.ActiveCfg = Release|Any CPU
		{9B82AD5A-EC65-4741-8D45-6554F2575F32}.Release|Any CPU.Build.0 = Release|Any CPU
	EndGlobalSection
	GlobalSection(SolutionProperties) = preSolution
		HideSolutionNode = FALSE
	EndGlobalSection
EndGlobal
